
Microsoft Visual Studio Solution File, Format Version 12.00
# Visual Studio Version 16
VisualStudioVersion = 16.0.30011.22
MinimumVisualStudioVersion = 10.0.40219.1
Project("{8BC9CEB8-8B4A-11D0-8D11-00A0C91BC942}") = "Project3", "Project3\Project3.vcxproj", "{CE803910-0FC3-4570-893B-7F0CE45C0E6E}"
EndProject
Global
	GlobalSection(SolutionConfigurationPlatforms) = preSolution
		Debug|x64 = Debug|x64
		Debug|x86 = Debug|x86
		Release|x64 = Release|x64
		Release|x86 = Release|x86
	EndGlobalSection
	GlobalSection(ProjectConfigurationPlatforms) = postSolution
		{CE803910-0FC3-4570-893B-7F0CE45C0E6E}.Debug|x64.ActiveCfg = Debug|x64
		{CE803910-0FC3-4570-893B-7F0CE45C0E6E}.Debug|x64.Build.0 = Debug|x64
		{CE803910-0FC3-4570-893B-7F0CE45C0E6E}.Debug|x86.ActiveCfg = Debug|Win32
		{CE803910-0FC3-4570-893B-7F0CE45C0E6E}.Debug|x86.Build.0 = Debug|Win32
		{CE803910-0FC3-4570-893B-7F0CE45C0E6E}.Release|x64.ActiveCfg = Release|x64
		{CE803910-0FC3-4570-893B-7F0CE45C0E6E}.Release|x64.Build.0 = Release|x64
		{CE803910-0FC3-4570-893B-7F0CE45C0E6E}.Release|x86.ActiveCfg = Release|Win32
		{CE803910-0FC3-4570-893B-7F0CE45C0E6E}.Release|x86.Build.0 = Release|Win32
	EndGlobalSection
	GlobalSection(SolutionProperties) = preSolution
		HideSolutionNode = FALSE
	EndGlobalSection
	GlobalSection(ExtensibilityGlobals) = postSolution
		SolutionGuid = {A3B89871-32FA-432F-9C64-787DFD817E73}
	EndGlobalSection
EndGlobal
